
Microsoft Visual Studio Solution File, Format Version 12.00
# Visual Studio Version 17
VisualStudioVersion = 17.10.35122.118
MinimumVisualStudioVersion = 10.0.40219.1
Project("{FAE04EC0-301F-11D3-BF4B-00C04F79EFBC}") = "CasualTasker", "CasualTasker\CasualTasker.csproj", "{46104002-9873-41AC-9464-0DD41E681132}"
EndProject
Project("{FAE04EC0-301F-11D3-BF4B-00C04F79EFBC}") = "CasualTasker.DTO", "CasualTasker.DTO\CasualTasker.DTO.csproj", "{8F2CEB06-3263-41D5-AB77-A4317A3FE12B}"
EndProject
Project("{FAE04EC0-301F-11D3-BF4B-00C04F79EFBC}") = "CasualTasker.Database", "CasualTasker.Database\CasualTasker.Database.csproj", "{1139E9B2-8666-4AAF-836D-890BCC1E64BA}"
EndProject
Project("{FAE04EC0-301F-11D3-BF4B-00C04F79EFBC}") = "CasualTasker.Services", "CasualTasker.Services\CasualTasker.Services.csproj", "{EFA10F80-84B2-4DBF-B17B-35A5A328AA0A}"
EndProject
Global
	GlobalSection(SolutionConfigurationPlatforms) = preSolution
		Debug|Any CPU = Debug|Any CPU
		Release|Any CPU = Release|Any CPU
	EndGlobalSection
	GlobalSection(ProjectConfigurationPlatforms) = postSolution
		{46104002-9873-41AC-9464-0DD41E681132}.Debug|Any CPU.ActiveCfg = Debug|Any CPU
		{46104002-9873-41AC-9464-0DD41E681132}.Debug|Any CPU.Build.0 = Debug|Any CPU
		{46104002-9873-41AC-9464-0DD41E681132}.Release|Any CPU.ActiveCfg = Release|Any CPU
		{46104002-9873-41AC-9464-0DD41E681132}.Release|Any CPU.Build.0 = Release|Any CPU
		{8F2CEB06-3263-41D5-AB77-A4317A3FE12B}.Debug|Any CPU.ActiveCfg = Debug|Any CPU
		{8F2CEB06-3263-41D5-AB77-A4317A3FE12B}.Debug|Any CPU.Build.0 = Debug|Any CPU
		{8F2CEB06-3263-41D5-AB77-A4317A3FE12B}.Release|Any CPU.ActiveCfg = Release|Any CPU
		{8F2CEB06-3263-41D5-AB77-A4317A3FE12B}.Release|Any CPU.Build.0 = Release|Any CPU
		{1139E9B2-8666-4AAF-836D-890BCC1E64BA}.Debug|Any CPU.ActiveCfg = Debug|Any CPU
		{1139E9B2-8666-4AAF-836D-890BCC1E64BA}.Debug|Any CPU.Build.0 = Debug|Any CPU
		{1139E9B2-8666-4AAF-836D-890BCC1E64BA}.Release|Any CPU.ActiveCfg = Release|Any CPU
		{1139E9B2-8666-4AAF-836D-890BCC1E64BA}.Release|Any CPU.Build.0 = Release|Any CPU
		{EFA10F80-84B2-4DBF-B17B-35A5A328AA0A}.Debug|Any CPU.ActiveCfg = Debug|Any CPU
		{EFA10F80-84B2-4DBF-B17B-35A5A328AA0A}.Debug|Any CPU.Build.0 = Debug|Any CPU
		{EFA10F80-84B2-4DBF-B17B-35A5A328AA0A}.Release|Any CPU.ActiveCfg = Release|Any CPU
		{EFA10F80-84B2-4DBF-B17B-35A5A328AA0A}.Release|Any CPU.Build.0 = Release|Any CPU
	EndGlobalSection
	GlobalSection(SolutionProperties) = preSolution
		HideSolutionNode = FALSE
	EndGlobalSection
	GlobalSection(ExtensibilityGlobals) = postSolution
		SolutionGuid = {9BD96D0E-B2BC-44AE-A72F-2694841DE201}
	EndGlobalSection
EndGlobal
